
Microsoft Visual Studio Solution File, Format Version 12.00
# Visual Studio 2012
Project("{FAE04EC0-301F-11D3-BF4B-00C04F79EFBC}") = "ExWebApi", "ExWebApi\ExWebApi.csproj", "{4279EAC8-C276-488A-BA6D-5900EED9135A}"
EndProject
Project("{FAE04EC0-301F-11D3-BF4B-00C04F79EFBC}") = "ExWebApi.Tests", "ExWebApi.Tests\ExWebApi.Tests.csproj", "{EFF98F04-2B99-4DE1-BBD3-DD0C5B72EA05}"
EndProject
Project("{FAE04EC0-301F-11D3-BF4B-00C04F79EFBC}") = "ExWebApi.Models", "ExWebApi.Models\ExWebApi.Models.csproj", "{5A2BC24D-133A-45FE-92AF-3E0C2D65F161}"
EndProject
Project("{FAE04EC0-301F-11D3-BF4B-00C04F79EFBC}") = "ExWebApi.DAL", "ExWebApi.DAL\ExWebApi.DAL.csproj", "{C6359021-F425-4705-9307-DC17C3FC8546}"
EndProject
Project("{FAE04EC0-301F-11D3-BF4B-00C04F79EFBC}") = "ExWebApi.BAL", "ExWebApi.BAL\ExWebApi.BAL.csproj", "{38AA7615-A35F-4FA7-974E-8BFAA2DDDD2F}"
EndProject
Project("{FAE04EC0-301F-11D3-BF4B-00C04F79EFBC}") = "ExWebApi.Client.mvc", "ExWebApi.Client.mvc\ExWebApi.Client.mvc.csproj", "{F4529803-83FB-4ABF-B545-D1E29D2CE711}"
EndProject
Global
	GlobalSection(SolutionConfigurationPlatforms) = preSolution
		Debug|Any CPU = Debug|Any CPU
		Release|Any CPU = Release|Any CPU
	EndGlobalSection
	GlobalSection(ProjectConfigurationPlatforms) = postSolution
		{4279EAC8-C276-488A-BA6D-5900EED9135A}.Debug|Any CPU.ActiveCfg = Debug|Any CPU
		{4279EAC8-C276-488A-BA6D-5900EED9135A}.Debug|Any CPU.Build.0 = Debug|Any CPU
		{4279EAC8-C276-488A-BA6D-5900EED9135A}.Release|Any CPU.ActiveCfg = Release|Any CPU
		{4279EAC8-C276-488A-BA6D-5900EED9135A}.Release|Any CPU.Build.0 = Release|Any CPU
		{EFF98F04-2B99-4DE1-BBD3-DD0C5B72EA05}.Debug|Any CPU.ActiveCfg = Debug|Any CPU
		{EFF98F04-2B99-4DE1-BBD3-DD0C5B72EA05}.Debug|Any CPU.Build.0 = Debug|Any CPU
		{EFF98F04-2B99-4DE1-BBD3-DD0C5B72EA05}.Release|Any CPU.ActiveCfg = Release|Any CPU
		{EFF98F04-2B99-4DE1-BBD3-DD0C5B72EA05}.Release|Any CPU.Build.0 = Release|Any CPU
		{5A2BC24D-133A-45FE-92AF-3E0C2D65F161}.Debug|Any CPU.ActiveCfg = Debug|Any CPU
		{5A2BC24D-133A-45FE-92AF-3E0C2D65F161}.Debug|Any CPU.Build.0 = Debug|Any CPU
		{5A2BC24D-133A-45FE-92AF-3E0C2D65F161}.Release|Any CPU.ActiveCfg = Release|Any CPU
		{5A2BC24D-133A-45FE-92AF-3E0C2D65F161}.Release|Any CPU.Build.0 = Release|Any CPU
		{C6359021-F425-4705-9307-DC17C3FC8546}.Debug|Any CPU.ActiveCfg = Debug|Any CPU
		{C6359021-F425-4705-9307-DC17C3FC8546}.Debug|Any CPU.Build.0 = Debug|Any CPU
		{C6359021-F425-4705-9307-DC17C3FC8546}.Release|Any CPU.ActiveCfg = Release|Any CPU
		{C6359021-F425-4705-9307-DC17C3FC8546}.Release|Any CPU.Build.0 = Release|Any CPU
		{38AA7615-A35F-4FA7-974E-8BFAA2DDDD2F}.Debug|Any CPU.ActiveCfg = Debug|Any CPU
		{38AA7615-A35F-4FA7-974E-8BFAA2DDDD2F}.Debug|Any CPU.Build.0 = Debug|Any CPU
		{38AA7615-A35F-4FA7-974E-8BFAA2DDDD2F}.Release|Any CPU.ActiveCfg = Release|Any CPU
		{38AA7615-A35F-4FA7-974E-8BFAA2DDDD2F}.Release|Any CPU.Build.0 = Release|Any CPU
		{F4529803-83FB-4ABF-B545-D1E29D2CE711}.Debug|Any CPU.ActiveCfg = Debug|Any CPU
		{F4529803-83FB-4ABF-B545-D1E29D2CE711}.Debug|Any CPU.Build.0 = Debug|Any CPU
		{F4529803-83FB-4ABF-B545-D1E29D2CE711}.Release|Any CPU.ActiveCfg = Release|Any CPU
		{F4529803-83FB-4ABF-B545-D1E29D2CE711}.Release|Any CPU.Build.0 = Release|Any CPU
	EndGlobalSection
	GlobalSection(SolutionProperties) = preSolution
		HideSolutionNode = FALSE
	EndGlobalSection
EndGlobal
